
Microsoft Visual Studio Solution File, Format Version 12.00
# Visual Studio Version 17
VisualStudioVersion = 17.6.33829.357
MinimumVisualStudioVersion = 10.0.40219.1
Project("{9A19103F-16F7-4668-BE54-9A1E7A4F7556}") = "OLMS.DAL", "OLMS.DAL\OLMS.DAL.csproj", "{976D6F4E-00A8-4765-91C8-322C84796E36}"
EndProject
Project("{9A19103F-16F7-4668-BE54-9A1E7A4F7556}") = "OLMS.Domain", "OLMS.Domain\OLMS.Domain.csproj", "{C09C42F3-6D44-4266-B6B9-C91B14B6A733}"
EndProject
Project("{9A19103F-16F7-4668-BE54-9A1E7A4F7556}") = "OLMS.Service", "OLMS.Service\OLMS.Service.csproj", "{2B81403F-54B1-41F7-969E-796D494CFC3E}"
EndProject
Global
	GlobalSection(SolutionConfigurationPlatforms) = preSolution
		Debug|Any CPU = Debug|Any CPU
		Release|Any CPU = Release|Any CPU
	EndGlobalSection
	GlobalSection(ProjectConfigurationPlatforms) = postSolution
		{976D6F4E-00A8-4765-91C8-322C84796E36}.Debug|Any CPU.ActiveCfg = Debug|Any CPU
		{976D6F4E-00A8-4765-91C8-322C84796E36}.Debug|Any CPU.Build.0 = Debug|Any CPU
		{976D6F4E-00A8-4765-91C8-322C84796E36}.Release|Any CPU.ActiveCfg = Release|Any CPU
		{976D6F4E-00A8-4765-91C8-322C84796E36}.Release|Any CPU.Build.0 = Release|Any CPU
		{C09C42F3-6D44-4266-B6B9-C91B14B6A733}.Debug|Any CPU.ActiveCfg = Debug|Any CPU
		{C09C42F3-6D44-4266-B6B9-C91B14B6A733}.Debug|Any CPU.Build.0 = Debug|Any CPU
		{C09C42F3-6D44-4266-B6B9-C91B14B6A733}.Release|Any CPU.ActiveCfg = Release|Any CPU
		{C09C42F3-6D44-4266-B6B9-C91B14B6A733}.Release|Any CPU.Build.0 = Release|Any CPU
		{2B81403F-54B1-41F7-969E-796D494CFC3E}.Debug|Any CPU.ActiveCfg = Debug|Any CPU
		{2B81403F-54B1-41F7-969E-796D494CFC3E}.Debug|Any CPU.Build.0 = Debug|Any CPU
		{2B81403F-54B1-41F7-969E-796D494CFC3E}.Release|Any CPU.ActiveCfg = Release|Any CPU
		{2B81403F-54B1-41F7-969E-796D494CFC3E}.Release|Any CPU.Build.0 = Release|Any CPU
	EndGlobalSection
	GlobalSection(SolutionProperties) = preSolution
		HideSolutionNode = FALSE
	EndGlobalSection
	GlobalSection(ExtensibilityGlobals) = postSolution
		SolutionGuid = {22CEEE7A-F046-456E-8304-EC1B1507C8CB}
	EndGlobalSection
EndGlobal
